{
  "requires": true,
  "lockfileVersion": 1,
  "dependencies": {
    "next-themes": {
      "version": "0.0.10",
      "resolved": "https://registry.npmjs.org/next-themes/-/next-themes-0.0.10.tgz",
      "integrity": "sha512-YapL2GVJDooOuGYCYyCywYXRMpulBngG5Qay/HkMK9RyL9xOZ6C3vEgac2dzLWpo3uDVlk+0Qc9XgwGfLHwq/w=="
    }
  }
}
